
Microsoft Visual Studio Solution File, Format Version 12.00
# Visual Studio Version 16
VisualStudioVersion = 16.0.30406.217
MinimumVisualStudioVersion = 10.0.40219.1
Project("{FAE04EC0-301F-11D3-BF4B-00C04F79EFBC}") = "SeleniumDemoYAML", "SeleniumDemoYAML\SeleniumDemoYAML.csproj", "{DD23FC78-11C1-4393-AF08-167CED88A8BC}"
EndProject
Global
	GlobalSection(SolutionConfigurationPlatforms) = preSolution
		Debug|Any CPU = Debug|Any CPU
		Release|Any CPU = Release|Any CPU
	EndGlobalSection
	GlobalSection(ProjectConfigurationPlatforms) = postSolution
		{DD23FC78-11C1-4393-AF08-167CED88A8BC}.Debug|Any CPU.ActiveCfg = Debug|Any CPU
		{DD23FC78-11C1-4393-AF08-167CED88A8BC}.Debug|Any CPU.Build.0 = Debug|Any CPU
		{DD23FC78-11C1-4393-AF08-167CED88A8BC}.Release|Any CPU.ActiveCfg = Release|Any CPU
		{DD23FC78-11C1-4393-AF08-167CED88A8BC}.Release|Any CPU.Build.0 = Release|Any CPU
	EndGlobalSection
	GlobalSection(SolutionProperties) = preSolution
		HideSolutionNode = FALSE
	EndGlobalSection
	GlobalSection(ExtensibilityGlobals) = postSolution
		SolutionGuid = {E0E5116C-2F77-4D3F-BE71-63C2777C587D}
	EndGlobalSection
EndGlobal
